
Microsoft Visual Studio Solution File, Format Version 12.00
# Visual Studio Version 17
VisualStudioVersion = 17.9.34701.34
MinimumVisualStudioVersion = 10.0.40219.1
Project("{9A19103F-16F7-4668-BE54-9A1E7A4F7556}") = "HtmlForgeX", "HtmlForgeX\HtmlForgeX.csproj", "{16217046-94C6-4F4B-8106-EF62B881613D}"
EndProject
Project("{9A19103F-16F7-4668-BE54-9A1E7A4F7556}") = "HtmlForgeX.Examples", "HtmlForgeX.Examples\HtmlForgeX.Examples.csproj", "{2AB07A38-9087-42A4-839D-6298EAD7871A}"
	ProjectSection(ProjectDependencies) = postProject
		{16217046-94C6-4F4B-8106-EF62B881613D} = {16217046-94C6-4F4B-8106-EF62B881613D}
	EndProjectSection
EndProject
Project("{9A19103F-16F7-4668-BE54-9A1E7A4F7556}") = "HtmlForgeX.Tests", "HtmlForgeX.Tests\HtmlForgeX.Tests.csproj", "{71035363-38E9-4698-8B42-E5FA1BA189A4}"
	ProjectSection(ProjectDependencies) = postProject
		{16217046-94C6-4F4B-8106-EF62B881613D} = {16217046-94C6-4F4B-8106-EF62B881613D}
	EndProjectSection
EndProject
Project("{FAE04EC0-301F-11D3-BF4B-00C04F79EFBC}") = "HtmlForgeX.PowerShell", "HtmlForgeX.PowerShell\HtmlForgeX.PowerShell.csproj", "{D17952DB-6D5D-4140-8D6E-D3C5B24F7C70}"
EndProject
Project("{FAE04EC0-301F-11D3-BF4B-00C04F79EFBC}") = "HtmlForgeX.Benchmarks", "HtmlForgeX.Benchmarks\HtmlForgeX.Benchmarks.csproj", "{39289B26-245F-494C-93D4-5B397520C405}"
EndProject
Global
	GlobalSection(SolutionConfigurationPlatforms) = preSolution
		Debug|Any CPU = Debug|Any CPU
		Release|Any CPU = Release|Any CPU
	EndGlobalSection
	GlobalSection(ProjectConfigurationPlatforms) = postSolution
		{16217046-94C6-4F4B-8106-EF62B881613D}.Debug|Any CPU.ActiveCfg = Debug|Any CPU
		{16217046-94C6-4F4B-8106-EF62B881613D}.Debug|Any CPU.Build.0 = Debug|Any CPU
		{16217046-94C6-4F4B-8106-EF62B881613D}.Release|Any CPU.ActiveCfg = Release|Any CPU
		{16217046-94C6-4F4B-8106-EF62B881613D}.Release|Any CPU.Build.0 = Release|Any CPU
		{2AB07A38-9087-42A4-839D-6298EAD7871A}.Debug|Any CPU.ActiveCfg = Debug|Any CPU
		{2AB07A38-9087-42A4-839D-6298EAD7871A}.Debug|Any CPU.Build.0 = Debug|Any CPU
		{2AB07A38-9087-42A4-839D-6298EAD7871A}.Release|Any CPU.ActiveCfg = Release|Any CPU
		{2AB07A38-9087-42A4-839D-6298EAD7871A}.Release|Any CPU.Build.0 = Release|Any CPU
		{71035363-38E9-4698-8B42-E5FA1BA189A4}.Debug|Any CPU.ActiveCfg = Debug|Any CPU
		{71035363-38E9-4698-8B42-E5FA1BA189A4}.Debug|Any CPU.Build.0 = Debug|Any CPU
		{71035363-38E9-4698-8B42-E5FA1BA189A4}.Release|Any CPU.ActiveCfg = Release|Any CPU
		{71035363-38E9-4698-8B42-E5FA1BA189A4}.Release|Any CPU.Build.0 = Release|Any CPU
		{D17952DB-6D5D-4140-8D6E-D3C5B24F7C70}.Debug|Any CPU.ActiveCfg = Debug|Any CPU
		{D17952DB-6D5D-4140-8D6E-D3C5B24F7C70}.Debug|Any CPU.Build.0 = Debug|Any CPU
		{D17952DB-6D5D-4140-8D6E-D3C5B24F7C70}.Release|Any CPU.ActiveCfg = Release|Any CPU
		{D17952DB-6D5D-4140-8D6E-D3C5B24F7C70}.Release|Any CPU.Build.0 = Release|Any CPU
		{39289B26-245F-494C-93D4-5B397520C405}.Debug|Any CPU.ActiveCfg = Debug|Any CPU
		{39289B26-245F-494C-93D4-5B397520C405}.Debug|Any CPU.Build.0 = Debug|Any CPU
		{39289B26-245F-494C-93D4-5B397520C405}.Release|Any CPU.ActiveCfg = Release|Any CPU
		{39289B26-245F-494C-93D4-5B397520C405}.Release|Any CPU.Build.0 = Release|Any CPU
	EndGlobalSection
	GlobalSection(SolutionProperties) = preSolution
		HideSolutionNode = FALSE
	EndGlobalSection
	GlobalSection(ExtensibilityGlobals) = postSolution
		SolutionGuid = {DF74206F-ECF1-4E9A-9EE5-3CB118C741EE}
		FileExplorer = |..\PSWriteHTML\
	EndGlobalSection
EndGlobal
